
Microsoft Visual Studio Solution File, Format Version 12.00
# Visual Studio Version 17
VisualStudioVersion = 17.9.34616.47
MinimumVisualStudioVersion = 10.0.40219.1
Project("{FAE04EC0-301F-11D3-BF4B-00C04F79EFBC}") = "CafeteriaHCC", "CafeteriaHCC\CafeteriaHCC.csproj", "{9145E287-E4A7-415E-A6CF-D2439FA6CBB1}"
EndProject
Global
	GlobalSection(SolutionConfigurationPlatforms) = preSolution
		Debug|Any CPU = Debug|Any CPU
		Release|Any CPU = Release|Any CPU
	EndGlobalSection
	GlobalSection(ProjectConfigurationPlatforms) = postSolution
		{9145E287-E4A7-415E-A6CF-D2439FA6CBB1}.Debug|Any CPU.ActiveCfg = Debug|Any CPU
		{9145E287-E4A7-415E-A6CF-D2439FA6CBB1}.Debug|Any CPU.Build.0 = Debug|Any CPU
		{9145E287-E4A7-415E-A6CF-D2439FA6CBB1}.Release|Any CPU.ActiveCfg = Release|Any CPU
		{9145E287-E4A7-415E-A6CF-D2439FA6CBB1}.Release|Any CPU.Build.0 = Release|Any CPU
	EndGlobalSection
	GlobalSection(SolutionProperties) = preSolution
		HideSolutionNode = FALSE
	EndGlobalSection
	GlobalSection(ExtensibilityGlobals) = postSolution
		SolutionGuid = {300004E1-5974-41DF-8C0E-4294A4788C8E}
	EndGlobalSection
EndGlobal
